{
  "name": "pdf.ts",
  "lockfileVersion": 2,
  "requires": true,
  "packages": {
    "": {
      "name": "pdf.ts",
      "license": "Apache-2.0",
      "devDependencies": {
        "@types/chrome": "latest",
        "@types/css-font-loading-module": "latest",
        "@types/resize-observer-browser": "latest",
        "@types/wicg-file-system-access": "latest"
      }
    },
    "node_modules/@types/chrome": {
      "version": "0.0.197",
      "resolved": "https://registry.npmjs.org/@types/chrome/-/chrome-0.0.197.tgz",
      "integrity": "sha512-m1NfS5bOjaypyqQfaX6CxmJodZVcvj5+Mt/K94EBHkflYjPNmXHAzbxfifdLMa0YM3PDyOxohoTS5ug/e6p5jA==",
      "dev": true,
      "dependencies": {
        "@types/filesystem": "*",
        "@types/har-format": "*"
      }
    },
    "node_modules/@types/css-font-loading-module": {
      "version": "0.0.6",
      "resolved": "https://registry.npmjs.org/@types/css-font-loading-module/-/css-font-loading-module-0.0.6.tgz",
      "integrity": "sha512-MBvSMSxXFtIukyXRU3HhzL369rIWaqMVQD5kmDCYIFFD6Fe3lJ4c9UnLD02MLdTp7Z6ti7rO3SQtuDo7C80mmw==",
      "dev": true
    },
    "node_modules/@types/filesystem": {
      "version": "0.0.32",
      "resolved": "https://registry.npmjs.org/@types/filesystem/-/filesystem-0.0.32.tgz",
      "integrity": "sha512-Yuf4jR5YYMR2DVgwuCiP11s0xuVRyPKmz8vo6HBY3CGdeMj8af93CFZX+T82+VD1+UqHOxTq31lO7MI7lepBtQ==",
      "dev": true,
      "dependencies": {
        "@types/filewriter": "*"
      }
    },
    "node_modules/@types/filewriter": {
      "version": "0.0.29",
      "resolved": "https://registry.npmjs.org/@types/filewriter/-/filewriter-0.0.29.tgz",
      "integrity": "sha512-BsPXH/irW0ht0Ji6iw/jJaK8Lj3FJemon2gvEqHKpCdDCeemHa+rI3WBGq5z7cDMZgoLjY40oninGxqk+8NzNQ==",
      "dev": true
    },
    "node_modules/@types/har-format": {
      "version": "1.2.8",
      "resolved": "https://registry.npmjs.org/@types/har-format/-/har-format-1.2.8.tgz",
      "integrity": "sha512-OP6L9VuZNdskgNN3zFQQ54ceYD8OLq5IbqO4VK91ORLfOm7WdT/CiT/pHEBSQEqCInJ2y3O6iCm/zGtPElpgJQ==",
      "dev": true
    },
    "node_modules/@types/resize-observer-browser": {
      "version": "0.1.6",
      "resolved": "https://registry.npmjs.org/@types/resize-observer-browser/-/resize-observer-browser-0.1.6.tgz",
      "integrity": "sha512-61IfTac0s9jvNtBCpyo86QeaN8qqpMGHdK0uGKCCIy2dt5/Yk84VduHIdWAcmkC5QvdkPL0p5eWYgUZtHKKUVg==",
      "dev": true
    },
    "node_modules/@types/wicg-file-system-access": {
      "version": "2020.9.4",
      "resolved": "https://registry.npmjs.org/@types/wicg-file-system-access/-/wicg-file-system-access-2020.9.4.tgz",
      "integrity": "sha512-o43jUljwP0ZrQ927mPjGdJaBMfS12nf3VPj6Z52fMucxILrSs8tnfLbMDSn6cP3hrrLChc3SYneeEvecknNVtA==",
      "dev": true
    }
  },
  "dependencies": {
    "@types/chrome": {
      "version": "0.0.197",
      "resolved": "https://registry.npmjs.org/@types/chrome/-/chrome-0.0.197.tgz",
      "integrity": "sha512-m1NfS5bOjaypyqQfaX6CxmJodZVcvj5+Mt/K94EBHkflYjPNmXHAzbxfifdLMa0YM3PDyOxohoTS5ug/e6p5jA==",
      "dev": true,
      "requires": {
        "@types/filesystem": "*",
        "@types/har-format": "*"
      }
    },
    "@types/css-font-loading-module": {
      "version": "0.0.6",
      "resolved": "https://registry.npmjs.org/@types/css-font-loading-module/-/css-font-loading-module-0.0.6.tgz",
      "integrity": "sha512-MBvSMSxXFtIukyXRU3HhzL369rIWaqMVQD5kmDCYIFFD6Fe3lJ4c9UnLD02MLdTp7Z6ti7rO3SQtuDo7C80mmw==",
      "dev": true
    },
    "@types/filesystem": {
      "version": "0.0.32",
      "resolved": "https://registry.npmjs.org/@types/filesystem/-/filesystem-0.0.32.tgz",
      "integrity": "sha512-Yuf4jR5YYMR2DVgwuCiP11s0xuVRyPKmz8vo6HBY3CGdeMj8af93CFZX+T82+VD1+UqHOxTq31lO7MI7lepBtQ==",
      "dev": true,
      "requires": {
        "@types/filewriter": "*"
      }
    },
    "@types/filewriter": {
      "version": "0.0.29",
      "resolved": "https://registry.npmjs.org/@types/filewriter/-/filewriter-0.0.29.tgz",
      "integrity": "sha512-BsPXH/irW0ht0Ji6iw/jJaK8Lj3FJemon2gvEqHKpCdDCeemHa+rI3WBGq5z7cDMZgoLjY40oninGxqk+8NzNQ==",
      "dev": true
    },
    "@types/har-format": {
      "version": "1.2.8",
      "resolved": "https://registry.npmjs.org/@types/har-format/-/har-format-1.2.8.tgz",
      "integrity": "sha512-OP6L9VuZNdskgNN3zFQQ54ceYD8OLq5IbqO4VK91ORLfOm7WdT/CiT/pHEBSQEqCInJ2y3O6iCm/zGtPElpgJQ==",
      "dev": true
    },
    "@types/resize-observer-browser": {
      "version": "0.1.6",
      "resolved": "https://registry.npmjs.org/@types/resize-observer-browser/-/resize-observer-browser-0.1.6.tgz",
      "integrity": "sha512-61IfTac0s9jvNtBCpyo86QeaN8qqpMGHdK0uGKCCIy2dt5/Yk84VduHIdWAcmkC5QvdkPL0p5eWYgUZtHKKUVg==",
      "dev": true
    },
    "@types/wicg-file-system-access": {
      "version": "2020.9.4",
      "resolved": "https://registry.npmjs.org/@types/wicg-file-system-access/-/wicg-file-system-access-2020.9.4.tgz",
      "integrity": "sha512-o43jUljwP0ZrQ927mPjGdJaBMfS12nf3VPj6Z52fMucxILrSs8tnfLbMDSn6cP3hrrLChc3SYneeEvecknNVtA==",
      "dev": true
    }
  }
}
