{
  "name": "pdf.ts",
  "requires": true,
  "lockfileVersion": 1,
  "dependencies": {
    "@types/css-font-loading-module": {
      "version": "0.0.4",
      "resolved": "https://registry.npmjs.org/@types/css-font-loading-module/-/css-font-loading-module-0.0.4.tgz",
      "integrity": "sha512-ENdXf7MW4m9HeDojB2Ukbi7lYMIuQNBHVf98dbzaiG4EEJREBd6oleVAjrLRCrp7dm6CK1mmdmU9tcgF61acbw=="
    },
    "@types/resize-observer-browser": {
      "version": "0.1.6",
      "resolved": "https://registry.npmjs.org/@types/resize-observer-browser/-/resize-observer-browser-0.1.6.tgz",
      "integrity": "sha512-61IfTac0s9jvNtBCpyo86QeaN8qqpMGHdK0uGKCCIy2dt5/Yk84VduHIdWAcmkC5QvdkPL0p5eWYgUZtHKKUVg=="
    },
    "@types/wicg-file-system-access": {
      "version": "2020.9.4",
      "resolved": "https://registry.npmjs.org/@types/wicg-file-system-access/-/wicg-file-system-access-2020.9.4.tgz",
      "integrity": "sha512-o43jUljwP0ZrQ927mPjGdJaBMfS12nf3VPj6Z52fMucxILrSs8tnfLbMDSn6cP3hrrLChc3SYneeEvecknNVtA=="
    }
  }
}
