{
  "version": "3",
  "packages": {
    "specifiers": {
      "jsr:@std/assert@^0.220.1": "jsr:@std/assert@0.220.1",
      "jsr:@std/cli@^0.220.1": "jsr:@std/cli@0.220.1",
      "jsr:@std/fs@^0.220.1": "jsr:@std/fs@0.220.1",
      "jsr:@std/path@^0.220.1": "jsr:@std/path@0.220.1"
    },
    "jsr": {
      "@std/assert@0.220.1": {
        "integrity": "88710d54f3afdd7a5761e7805abba1f56cd14e4b212feffeb3e73a9f77482425"
      },
      "@std/cli@0.220.1": {
        "integrity": "6c38388efc899c9d98811d38a46effe01e0d91138068483f1e6ae834caad5e82",
        "dependencies": [
          "jsr:@std/assert@^0.220.1"
        ]
      },
      "@std/fs@0.220.1": {
        "integrity": "7fe79c08e9e2ea6818b05f271ddba07eaed7e6dac7ce7cfb35e3f8521aa18fc1",
        "dependencies": [
          "jsr:@std/assert@^0.220.1",
          "jsr:@std/path@^0.220.1"
        ]
      },
      "@std/path@0.220.1": {
        "integrity": "cc63c1b5e5192e2f718dc2f365a3514fffb26cc0380959bab0f8fb5988a52f0c",
        "dependencies": [
          "jsr:@std/assert@^0.220.1"
        ]
      }
    }
  },
  "remote": {
    "https://deno.land/x/denoflate@1.2.1/mod.ts": "f5628e44b80b3d80ed525afa2ba0f12408e3849db817d47a883b801f9ce69dd6",
    "https://deno.land/x/denoflate@1.2.1/pkg/denoflate.js": "b9f9ad9457d3f12f28b1fb35c555f57443427f74decb403113d67364e4f2caf4",
    "https://deno.land/x/denoflate@1.2.1/pkg/denoflate_bg.wasm.js": "d581956245407a2115a3d7e8d85a9641c032940a8e810acbd59ca86afd34d44d",
    "https://deno.land/x/esbuild@v0.21.4/mod.js": "2baa2fee0098fe9cec9c1a5e66e394afce85ccb966a9be52d7c617ea5c67769f"
  },
  "workspace": {
    "dependencies": [
      "jsr:@std/cli@^0.220.1",
      "jsr:@std/fs@^0.220.1",
      "jsr:@std/path@^0.220.1"
    ]
  }
}
